
Microsoft Visual Studio Solution File, Format Version 12.00
# Visual Studio Version 17
VisualStudioVersion = 17.9.34723.18
MinimumVisualStudioVersion = 10.0.40219.1
Project("{FAE04EC0-301F-11D3-BF4B-00C04F79EFBC}") = "102ReversingMethodParameterOrder", "102ReversingMethodParameterOrder\102ReversingMethodParameterOrder.csproj", "{223F9A66-4F07-489B-98B1-5C9636E6710A}"
EndProject
Global
	GlobalSection(SolutionConfigurationPlatforms) = preSolution
		Debug|Any CPU = Debug|Any CPU
		Release|Any CPU = Release|Any CPU
	EndGlobalSection
	GlobalSection(ProjectConfigurationPlatforms) = postSolution
		{223F9A66-4F07-489B-98B1-5C9636E6710A}.Debug|Any CPU.ActiveCfg = Debug|Any CPU
		{223F9A66-4F07-489B-98B1-5C9636E6710A}.Debug|Any CPU.Build.0 = Debug|Any CPU
		{223F9A66-4F07-489B-98B1-5C9636E6710A}.Release|Any CPU.ActiveCfg = Release|Any CPU
		{223F9A66-4F07-489B-98B1-5C9636E6710A}.Release|Any CPU.Build.0 = Release|Any CPU
	EndGlobalSection
	GlobalSection(SolutionProperties) = preSolution
		HideSolutionNode = FALSE
	EndGlobalSection
	GlobalSection(ExtensibilityGlobals) = postSolution
		SolutionGuid = {B4835F77-256D-4CF8-B0F6-CDDB6B1D2730}
	EndGlobalSection
EndGlobal
